// !$*UTF8*$!
{
	archiveVersion = 1;
	classes = {
	};
	objectVersion = 46;
	objects = {

/* Begin PBXBuildFile section */
		AE0E68CA1DDDDE4300558B2B /* AppDelegate.swift in Sources */ = {isa = PBXBuildFile; fileRef = AE0E68C91DDDDE4300558B2B /* AppDelegate.swift */; };
		AE0E68CC1DDDDE4300558B2B /* ViewController.swift in Sources */ = {isa = PBXBuildFile; fileRef = AE0E68CB1DDDDE4300558B2B /* ViewController.swift */; };
		AE0E68CF1DDDDE4300558B2B /* Main.storyboard in Resources */ = {isa = PBXBuildFile; fileRef = AE0E68CD1DDDDE4300558B2B /* Main.storyboard */; };
		AE0E68D11DDDDE4300558B2B /* Assets.xcassets in Resources */ = {isa = PBXBuildFile; fileRef = AE0E68D01DDDDE4300558B2B /* Assets.xcassets */; };
		AE0E68D41DDDDE4300558B2B /* LaunchScreen.storyboard in Resources */ = {isa = PBXBuildFile; fileRef = AE0E68D21DDDDE4300558B2B /* LaunchScreen.storyboard */; };
/* End PBXBuildFile section */

/* Begin PBXFileReference section */
		AE0E68C61DDDDE4300558B2B /* SkyEyes.app */ = {isa = PBXFileReference; explicitFileType = wrapper.application; includeInIndex = 0; path = SkyEyes.app; sourceTree = BUILT_PRODUCTS_DIR; };
		AE0E68C91DDDDE4300558B2B /* AppDelegate.swift */ = {isa = PBXFileReference; lastKnownFileType = sourcecode.swift; path = AppDelegate.swift; sourceTree = "<group>"; };
		AE0E68CB1DDDDE4300558B2B /* ViewController.swift */ = {isa = PBXFileReference; lastKnownFileType = sourcecode.swift; path = ViewController.swift; sourceTree = "<group>"; };
		AE0E68CE1DDDDE4300558B2B /* Base */ = {isa = PBXFileReference; lastKnownFileType = file.storyboard; name = Base; path = Base.lproj/Main.storyboard; sourceTree = "<group>"; };
		AE0E68D01DDDDE4300558B2B /* Assets.xcassets */ = {isa = PBXFileReference; lastKnownFileType = folder.assetcatalog; path = Assets.xcassets; sourceTree = "<group>"; };
		AE0E68D31DDDDE4300558B2B /* Base */ = {isa = PBXFileReference; lastKnownFileType = file.storyboard; name = Base; path = Base.lproj/LaunchScreen.storyboard; sourceTree = "<group>"; };
		AE0E68D51DDDDE4300558B2B /* Info.plist */ = {isa = PBXFileReference; lastKnownFileType = text.plist.xml; path = Info.plist; sourceTree = "<group>"; };
/* End PBXFileReference section */

/* Begin PBXFrameworksBuildPhase section */
		AE0E68C31DDDDE4300558B2B /* Frameworks */ = {
			isa = PBXFrameworksBuildPhase;
			buildActionMask = 2147483647;
			files = (
			);
			runOnlyForDeploymentPostprocessing = 0;
		};
/* End PBXFrameworksBuildPhase section */

/* Begin PBXGroup section */
		AE0E68BD1DDDDE4300558B2B = {
			isa = PBXGroup;
			children = (
				AE0E68C81DDDDE4300558B2B /* SkyEyes */,
				AE0E68C71DDDDE4300558B2B /* Products */,
			);
			sourceTree = "<group>";
		};
		AE0E68C71DDDDE4300558B2B /* Products */ = {
			isa = PBXGroup;
			children = (
				AE0E68C61DDDDE4300558B2B /* SkyEyes.app */,
			);
			name = Products;
			sourceTree = "<group>";
		};
		AE0E68C81DDDDE4300558B2B /* SkyEyes */ = {
			isa = PBXGroup;
			children = (
				AE0E68C91DDDDE4300558B2B /* AppDelegate.swift */,
				AE0E68CB1DDDDE4300558B2B /* ViewController.swift */,
				AE0E68CD1DDDDE4300558B2B /* Main.storyboard */,
				AE0E68D01DDDDE4300558B2B /* Assets.xcassets */,
				AE0E68D21DDDDE4300558B2B /* LaunchScreen.storyboard */,
				AE0E68D51DDDDE4300558B2B /* Info.plist */,
			);
			path = SkyEyes;
			sourceTree = "<group>";
		};
/* End PBXGroup section */

/* Begin PBXNativeTarget section */
		AE0E68C51DDDDE4300558B2B /* SkyEyes */ = {
			isa = PBXNativeTarget;
			buildConfigurationList = AE0E68D81DDDDE4300558B2B /* Build configuration list for PBXNativeTarget "SkyEyes" */;
			buildPhases = (
				AE0E68C21DDDDE4300558B2B /* Sources */,
				AE0E68C31DDDDE4300558B2B /* Frameworks */,
				AE0E68C41DDDDE4300558B2B /* Resources */,
			);
			buildRules = (
			);
			dependencies = (
			);
			name = SkyEyes;
			productName = SkyEyes;
			productReference = AE0E68C61DDDDE4300558B2B /* SkyEyes.app */;
			productType = "com.apple.product-type.application";
		};
/* End PBXNativeTarget section */

/* Begin PBXProject section */
		AE0E68BE1DDDDE4300558B2B /* Project object */ = {
			isa = PBXProject;
			attributes = {
				LastSwiftUpdateCheck = 0810;
				LastUpgradeCheck = 0810;
				ORGANIZATIONNAME = "鲁厶维";
				TargetAttributes = {
					AE0E68C51DDDDE4300558B2B = {
						CreatedOnToolsVersion = 8.1;
						DevelopmentTeam = 8NYA6PQ2KN;
						ProvisioningStyle = Automatic;
					};
				};
			};
			buildConfigurationList = AE0E68C11DDDDE4300558B2B /* Build configuration list for PBXProject "SkyEyes" */;
			compatibilityVersion = "Xcode 3.2";
			developmentRegion = English;
			hasScannedForEncodings = 0;
			knownRegions = (
				en,
				Base,
			);
			mainGroup = AE0E68BD1DDDDE4300558B2B;
			productRefGroup = AE0E68C71DDDDE4300558B2B /* Products */;
			projectDirPath = "";
			projectRoot = "";
			targets = (
				AE0E68C51DDDDE4300558B2B /* SkyEyes */,
			);
		};
/* End PBXProject section */

/* Begin PBXResourcesBuildPhase section */
		AE0E68C41DDDDE4300558B2B /* Resources */ = {
			isa = PBXResourcesBuildPhase;
			buildActionMask = 2147483647;
			files = (
				AE0E68D41DDDDE4300558B2B /* LaunchScreen.storyboard in Resources */,
				AE0E68D11DDDDE4300558B2B /* Assets.xcassets in Resources */,
				AE0E68CF1DDDDE4300558B2B /* Main.storyboard in Resources */,
			);
			runOnlyForDeploymentPostprocessing = 0;
		};
/* End PBXResourcesBuildPhase section */

/* Begin PBXSourcesBuildPhase section */
		AE0E68C21DDDDE4300558B2B /* Sources */ = {
			isa = PBXSourcesBuildPhase;
			buildActionMask = 2147483647;
			files = (
				AE0E68CC1DDDDE4300558B2B /* ViewController.swift in Sources */,
				AE0E68CA1DDDDE4300558B2B /* AppDelegate.swift in Sources */,
			);
			runOnlyForDeploymentPostprocessing = 0;
		};
/* End PBXSourcesBuildPhase section */

/* Begin PBXVariantGroup section */
		AE0E68CD1DDDDE4300558B2B /* Main.storyboard */ = {
			isa = PBXVariantGroup;
			children = (
				AE0E68CE1DDDDE4300558B2B /* Base */,
			);
			name = Main.storyboard;
			sourceTree = "<group>";
		};
		AE0E68D21DDDDE4300558B2B /* LaunchScreen.storyboard */ = {
			isa = PBXVariantGroup;
			children = (
				AE0E68D31DDDDE4300558B2B /* Base */,
			);
			name = LaunchScreen.storyboard;
			sourceTree = "<group>";
		};
/* End PBXVariantGroup section */

/* Begin XCBuildConfiguration section */
		AE0E68D61DDDDE4300558B2B /* Debug */ = {
			isa = XCBuildConfiguration;
			buildSettings = {
				ALWAYS_SEARCH_USER_PATHS = NO;
				CLANG_ANALYZER_NONNULL = YES;
				CLANG_CXX_LANGUAGE_STANDARD = "gnu++0x";
				CLANG_CXX_LIBRARY = "libc++";
				CLANG_ENABLE_MODULES = YES;
				CLANG_ENABLE_OBJC_ARC = YES;
				CLANG_WARN_BOOL_CONVERSION = YES;
				CLANG_WARN_CONSTANT_CONVERSION = YES;
				CLANG_WARN_DIRECT_OBJC_ISA_USAGE = YES_ERROR;
				CLANG_WARN_DOCUMENTATION_COMMENTS = YES;
				CLANG_WARN_EMPTY_BODY = YES;
				CLANG_WARN_ENUM_CONVERSION = YES;
				CLANG_WARN_INFINITE_RECURSION = YES;
				CLANG_WARN_INT_CONVERSION = YES;
				CLANG_WARN_OBJC_ROOT_CLASS = YES_ERROR;
				CLANG_WARN_SUSPICIOUS_MOVES = YES;
				CLANG_WARN_UNREACHABLE_CODE = YES;
				CLANG_WARN__DUPLICATE_METHOD_MATCH = YES;
				"CODE_SIGN_IDENTITY[sdk=iphoneos*]" = "iPhone Developer";
				COPY_PHASE_STRIP = NO;
				DEBUG_INFORMATION_FORMAT = dwarf;
				ENABLE_STRICT_OBJC_MSGSEND = YES;
				ENABLE_TESTABILITY = YES;
				GCC_C_LANGUAGE_STANDARD = gnu99;
				GCC_DYNAMIC_NO_PIC = NO;
				GCC_NO_COMMON_BLOCKS = YES;
				GCC_OPTIMIZATION_LEVEL = 0;
				GCC_PREPROCESSOR_DEFINITIONS = (
					"DEBUG=1",
					"$(inherited)",
				);
				GCC_WARN_64_TO_32_BIT_CONVERSION = YES;
				GCC_WARN_ABOUT_RETURN_TYPE = YES_ERROR;
				GCC_WARN_UNDECLARED_SELECTOR = YES;
				GCC_WARN_UNINITIALIZED_AUTOS = YES_AGGRESSIVE;
				GCC_WARN_UNUSED_FUNCTION = YES;
				GCC_WARN_UNUSED_VARIABLE = YES;
				IPHONEOS_DEPLOYMENT_TARGET = 10.1;
				MTL_ENABLE_DEBUG_INFO = YES;
				ONLY_ACTIVE_ARCH = YES;
				SDKROOT = iphoneos;
				SWIFT_ACTIVE_COMPILATION_CONDITIONS = DEBUG;
				SWIFT_OPTIMIZATION_LEVEL = "-Onone";
				TARGETED_DEVICE_FAMILY = 2;
			};
			name = Debug;
		};
		AE0E68D71DDDDE4300558B2B /* Release */ = {
			isa = XCBuildConfiguration;
			buildSettings = {
				ALWAYS_SEARCH_USER_PATHS = NO;
				CLANG_ANALYZER_NONNULL = YES;
				CLANG_CXX_LANGUAGE_STANDARD = "gnu++0x";
				CLANG_CXX_LIBRARY = "libc++";
				CLANG_ENABLE_MODULES = YES;
				CLANG_ENABLE_OBJC_ARC = YES;
				CLANG_WARN_BOOL_CONVERSION = YES;
				CLANG_WARN_CONSTANT_CONVERSION = YES;
				CLANG_WARN_DIRECT_OBJC_ISA_USAGE = YES_ERROR;
				CLANG_WARN_DOCUMENTATION_COMMENTS = YES;
				CLANG_WARN_EMPTY_BODY = YES;
				CLANG_WARN_ENUM_CONVERSION = YES;
				CLANG_WARN_INFINITE_RECURSION = YES;
				CLANG_WARN_INT_CONVERSION = YES;
				CLANG_WARN_OBJC_ROOT_CLASS = YES_ERROR;
				CLANG_WARN_SUSPICIOUS_MOVES = YES;
				CLANG_WARN_UNREACHABLE_CODE = YES;
				CLANG_WARN__DUPLICATE_METHOD_MATCH = YES;
				"CODE_SIGN_IDENTITY[sdk=iphoneos*]" = "iPhone Developer";
				COPY_PHASE_STRIP = NO;
				DEBUG_INFORMATION_FORMAT = "dwarf-with-dsym";
				ENABLE_NS_ASSERTIONS = NO;
				ENABLE_STRICT_OBJC_MSGSEND = YES;
				GCC_C_LANGUAGE_STANDARD = gnu99;
				GCC_NO_COMMON_BLOCKS = YES;
				GCC_WARN_64_TO_32_BIT_CONVERSION = YES;
				GCC_WARN_ABOUT_RETURN_TYPE = YES_ERROR;
				GCC_WARN_UNDECLARED_SELECTOR = YES;
				GCC_WARN_UNINITIALIZED_AUTOS = YES_AGGRESSIVE;
				GCC_WARN_UNUSED_FUNCTION = YES;
				GCC_WARN_UNUSED_VARIABLE = YES;
				IPHONEOS_DEPLOYMENT_TARGET = 10.1;
				MTL_ENABLE_DEBUG_INFO = NO;
				SDKROOT = iphoneos;
				SWIFT_OPTIMIZATION_LEVEL = "-Owholemodule";
				TARGETED_DEVICE_FAMILY = 2;
				VALIDATE_PRODUCT = YES;
			};
			name = Release;
		};
		AE0E68D91DDDDE4300558B2B /* Debug */ = {
			isa = XCBuildConfiguration;
			buildSettings = {
				ASSETCATALOG_COMPILER_APPICON_NAME = AppIcon;
				DEVELOPMENT_TEAM = 8NYA6PQ2KN;
				INFOPLIST_FILE = SkyEyes/Info.plist;
				LD_RUNPATH_SEARCH_PATHS = "$(inherited) @executable_path/Frameworks";
				PRODUCT_BUNDLE_IDENTIFIER = lu.siwei.SkyEyes;
				PRODUCT_NAME = "$(TARGET_NAME)";
				SWIFT_VERSION = 3.0;
			};
			name = Debug;
		};
		AE0E68DA1DDDDE4300558B2B /* Release */ = {
			isa = XCBuildConfiguration;
			buildSettings = {
				ASSETCATALOG_COMPILER_APPICON_NAME = AppIcon;
				DEVELOPMENT_TEAM = 8NYA6PQ2KN;
				INFOPLIST_FILE = SkyEyes/Info.plist;
				LD_RUNPATH_SEARCH_PATHS = "$(inherited) @executable_path/Frameworks";
				PRODUCT_BUNDLE_IDENTIFIER = lu.siwei.SkyEyes;
				PRODUCT_NAME = "$(TARGET_NAME)";
				SWIFT_VERSION = 3.0;
			};
			name = Release;
		};
/* End XCBuildConfiguration section */

/* Begin XCConfigurationList section */
		AE0E68C11DDDDE4300558B2B /* Build configuration list for PBXProject "SkyEyes" */ = {
			isa = XCConfigurationList;
			buildConfigurations = (
				AE0E68D61DDDDE4300558B2B /* Debug */,
				AE0E68D71DDDDE4300558B2B /* Release */,
			);
			defaultConfigurationIsVisible = 0;
			defaultConfigurationName = Release;
		};
		AE0E68D81DDDDE4300558B2B /* Build configuration list for PBXNativeTarget "SkyEyes" */ = {
			isa = XCConfigurationList;
			buildConfigurations = (
				AE0E68D91DDDDE4300558B2B /* Debug */,
				AE0E68DA1DDDDE4300558B2B /* Release */,
			);
			defaultConfigurationIsVisible = 0;
		};
/* End XCConfigurationList section */
	};
	rootObject = AE0E68BE1DDDDE4300558B2B /* Project object */;
}
